
Microsoft Visual Studio Solution File, Format Version 12.00
# Visual Studio Version 17
VisualStudioVersion = 17.2.32616.157
MinimumVisualStudioVersion = 10.0.40219.1
Project("{2150E333-8FDC-42A3-9474-1A3956D46DE8}") = "Core", "Core", "{7F925FFB-F6D7-468D-902A-DB041C998F37}"
EndProject
Project("{FAE04EC0-301F-11D3-BF4B-00C04F79EFBC}") = "SampleTest.Core.Domain", "Core\SampleTest.Core.Domain\SampleTest.Core.Domain.csproj", "{16E40D6B-CE4E-44D5-B9F0-9C9D964E1F11}"
EndProject
Project("{FAE04EC0-301F-11D3-BF4B-00C04F79EFBC}") = "SampleTest.Core.ApplicationServices", "Core\SampleTest.Core.ApplicationServices\SampleTest.Core.ApplicationServices.csproj", "{DB24F0C3-B286-4D4D-8924-96F7F5B528B4}"
EndProject
Project("{2150E333-8FDC-42A3-9474-1A3956D46DE8}") = "Infrastructure", "Infrastructure", "{55703309-04D5-4CED-B0DE-1CF14E92E51B}"
EndProject
Project("{FAE04EC0-301F-11D3-BF4B-00C04F79EFBC}") = "SampleTest.Infra.EFSql", "Infrastructure\SampleTest.Infra.EFSql\SampleTest.Infra.EFSql.csproj", "{286D1A76-A7B0-4118-96D6-59DB678808DA}"
EndProject
Project("{2150E333-8FDC-42A3-9474-1A3956D46DE8}") = "EndPoint", "EndPoint", "{BD741461-C57C-4EFC-89B7-67D5AE9077FD}"
EndProject
Project("{FAE04EC0-301F-11D3-BF4B-00C04F79EFBC}") = "SampleTest.EndPoint.API", "EndPoint\SampleTest.EndPoint.API\SampleTest.EndPoint.API.csproj", "{A84D1BE2-C51C-4025-8974-8EFD6BC1F43D}"
EndProject
Global
	GlobalSection(SolutionConfigurationPlatforms) = preSolution
		Debug|Any CPU = Debug|Any CPU
		Release|Any CPU = Release|Any CPU
	EndGlobalSection
	GlobalSection(ProjectConfigurationPlatforms) = postSolution
		{16E40D6B-CE4E-44D5-B9F0-9C9D964E1F11}.Debug|Any CPU.ActiveCfg = Debug|Any CPU
		{16E40D6B-CE4E-44D5-B9F0-9C9D964E1F11}.Debug|Any CPU.Build.0 = Debug|Any CPU
		{16E40D6B-CE4E-44D5-B9F0-9C9D964E1F11}.Release|Any CPU.ActiveCfg = Release|Any CPU
		{16E40D6B-CE4E-44D5-B9F0-9C9D964E1F11}.Release|Any CPU.Build.0 = Release|Any CPU
		{DB24F0C3-B286-4D4D-8924-96F7F5B528B4}.Debug|Any CPU.ActiveCfg = Debug|Any CPU
		{DB24F0C3-B286-4D4D-8924-96F7F5B528B4}.Debug|Any CPU.Build.0 = Debug|Any CPU
		{DB24F0C3-B286-4D4D-8924-96F7F5B528B4}.Release|Any CPU.ActiveCfg = Release|Any CPU
		{DB24F0C3-B286-4D4D-8924-96F7F5B528B4}.Release|Any CPU.Build.0 = Release|Any CPU
		{286D1A76-A7B0-4118-96D6-59DB678808DA}.Debug|Any CPU.ActiveCfg = Debug|Any CPU
		{286D1A76-A7B0-4118-96D6-59DB678808DA}.Debug|Any CPU.Build.0 = Debug|Any CPU
		{286D1A76-A7B0-4118-96D6-59DB678808DA}.Release|Any CPU.ActiveCfg = Release|Any CPU
		{286D1A76-A7B0-4118-96D6-59DB678808DA}.Release|Any CPU.Build.0 = Release|Any CPU
		{A84D1BE2-C51C-4025-8974-8EFD6BC1F43D}.Debug|Any CPU.ActiveCfg = Debug|Any CPU
		{A84D1BE2-C51C-4025-8974-8EFD6BC1F43D}.Debug|Any CPU.Build.0 = Debug|Any CPU
		{A84D1BE2-C51C-4025-8974-8EFD6BC1F43D}.Release|Any CPU.ActiveCfg = Release|Any CPU
		{A84D1BE2-C51C-4025-8974-8EFD6BC1F43D}.Release|Any CPU.Build.0 = Release|Any CPU
	EndGlobalSection
	GlobalSection(SolutionProperties) = preSolution
		HideSolutionNode = FALSE
	EndGlobalSection
	GlobalSection(NestedProjects) = preSolution
		{16E40D6B-CE4E-44D5-B9F0-9C9D964E1F11} = {7F925FFB-F6D7-468D-902A-DB041C998F37}
		{DB24F0C3-B286-4D4D-8924-96F7F5B528B4} = {7F925FFB-F6D7-468D-902A-DB041C998F37}
		{286D1A76-A7B0-4118-96D6-59DB678808DA} = {55703309-04D5-4CED-B0DE-1CF14E92E51B}
		{A84D1BE2-C51C-4025-8974-8EFD6BC1F43D} = {BD741461-C57C-4EFC-89B7-67D5AE9077FD}
	EndGlobalSection
	GlobalSection(ExtensibilityGlobals) = postSolution
		SolutionGuid = {5798AEBA-BA8D-470C-B7C4-17AF958A2C5E}
	EndGlobalSection
EndGlobal
